
Microsoft Visual Studio Solution File, Format Version 12.00
# Visual Studio 14
VisualStudioVersion = 14.0.25420.1
MinimumVisualStudioVersion = 10.0.40219.1
Project("{FAE04EC0-301F-11D3-BF4B-00C04F79EFBC}") = "SpecReader", "VulkanGenerator\SpecReader.csproj", "{18FC7232-7D96-4740-AD4E-FCE3BBC4051C}"
EndProject
Project("{FAE04EC0-301F-11D3-BF4B-00C04F79EFBC}") = "Generator", "CS-Generator\Generator.csproj", "{3F11F182-BF6B-4D31-ABD8-F1F3918700C6}"
EndProject
Project("{8BC9CEB8-8B4A-11D0-8D11-00A0C91BC942}") = "Offsets", "Offsets\Offsets.vcxproj", "{3E72FCB5-693B-4A8F-8EFE-A3E03B632C5E}"
EndProject
Global
	GlobalSection(SolutionConfigurationPlatforms) = preSolution
		Debug|Any CPU = Debug|Any CPU
		Debug|x64 = Debug|x64
		Debug|x86 = Debug|x86
		Release|Any CPU = Release|Any CPU
		Release|x64 = Release|x64
		Release|x86 = Release|x86
	EndGlobalSection
	GlobalSection(ProjectConfigurationPlatforms) = postSolution
		{18FC7232-7D96-4740-AD4E-FCE3BBC4051C}.Debug|Any CPU.ActiveCfg = Debug|Any CPU
		{18FC7232-7D96-4740-AD4E-FCE3BBC4051C}.Debug|Any CPU.Build.0 = Debug|Any CPU
		{18FC7232-7D96-4740-AD4E-FCE3BBC4051C}.Debug|x64.ActiveCfg = Debug|Any CPU
		{18FC7232-7D96-4740-AD4E-FCE3BBC4051C}.Debug|x64.Build.0 = Debug|Any CPU
		{18FC7232-7D96-4740-AD4E-FCE3BBC4051C}.Debug|x86.ActiveCfg = Debug|Any CPU
		{18FC7232-7D96-4740-AD4E-FCE3BBC4051C}.Debug|x86.Build.0 = Debug|Any CPU
		{18FC7232-7D96-4740-AD4E-FCE3BBC4051C}.Release|Any CPU.ActiveCfg = Release|Any CPU
		{18FC7232-7D96-4740-AD4E-FCE3BBC4051C}.Release|Any CPU.Build.0 = Release|Any CPU
		{18FC7232-7D96-4740-AD4E-FCE3BBC4051C}.Release|x64.ActiveCfg = Release|Any CPU
		{18FC7232-7D96-4740-AD4E-FCE3BBC4051C}.Release|x64.Build.0 = Release|Any CPU
		{18FC7232-7D96-4740-AD4E-FCE3BBC4051C}.Release|x86.ActiveCfg = Release|Any CPU
		{18FC7232-7D96-4740-AD4E-FCE3BBC4051C}.Release|x86.Build.0 = Release|Any CPU
		{3F11F182-BF6B-4D31-ABD8-F1F3918700C6}.Debug|Any CPU.ActiveCfg = Debug|Any CPU
		{3F11F182-BF6B-4D31-ABD8-F1F3918700C6}.Debug|Any CPU.Build.0 = Debug|Any CPU
		{3F11F182-BF6B-4D31-ABD8-F1F3918700C6}.Debug|x64.ActiveCfg = Debug|Any CPU
		{3F11F182-BF6B-4D31-ABD8-F1F3918700C6}.Debug|x64.Build.0 = Debug|Any CPU
		{3F11F182-BF6B-4D31-ABD8-F1F3918700C6}.Debug|x86.ActiveCfg = Debug|Any CPU
		{3F11F182-BF6B-4D31-ABD8-F1F3918700C6}.Debug|x86.Build.0 = Debug|Any CPU
		{3F11F182-BF6B-4D31-ABD8-F1F3918700C6}.Release|Any CPU.ActiveCfg = Release|Any CPU
		{3F11F182-BF6B-4D31-ABD8-F1F3918700C6}.Release|Any CPU.Build.0 = Release|Any CPU
		{3F11F182-BF6B-4D31-ABD8-F1F3918700C6}.Release|x64.ActiveCfg = Release|Any CPU
		{3F11F182-BF6B-4D31-ABD8-F1F3918700C6}.Release|x64.Build.0 = Release|Any CPU
		{3F11F182-BF6B-4D31-ABD8-F1F3918700C6}.Release|x86.ActiveCfg = Release|Any CPU
		{3F11F182-BF6B-4D31-ABD8-F1F3918700C6}.Release|x86.Build.0 = Release|Any CPU
		{3E72FCB5-693B-4A8F-8EFE-A3E03B632C5E}.Debug|Any CPU.ActiveCfg = Debug|Win32
		{3E72FCB5-693B-4A8F-8EFE-A3E03B632C5E}.Debug|x64.ActiveCfg = Debug|x64
		{3E72FCB5-693B-4A8F-8EFE-A3E03B632C5E}.Debug|x64.Build.0 = Debug|x64
		{3E72FCB5-693B-4A8F-8EFE-A3E03B632C5E}.Debug|x86.ActiveCfg = Debug|Win32
		{3E72FCB5-693B-4A8F-8EFE-A3E03B632C5E}.Debug|x86.Build.0 = Debug|Win32
		{3E72FCB5-693B-4A8F-8EFE-A3E03B632C5E}.Release|Any CPU.ActiveCfg = Release|Win32
		{3E72FCB5-693B-4A8F-8EFE-A3E03B632C5E}.Release|x64.ActiveCfg = Release|x64
		{3E72FCB5-693B-4A8F-8EFE-A3E03B632C5E}.Release|x64.Build.0 = Release|x64
		{3E72FCB5-693B-4A8F-8EFE-A3E03B632C5E}.Release|x86.ActiveCfg = Release|Win32
		{3E72FCB5-693B-4A8F-8EFE-A3E03B632C5E}.Release|x86.Build.0 = Release|Win32
	EndGlobalSection
	GlobalSection(SolutionProperties) = preSolution
		HideSolutionNode = FALSE
	EndGlobalSection
EndGlobal
